
Microsoft Visual Studio Solution File, Format Version 12.00
# Visual Studio Version 17
VisualStudioVersion = 17.0.31903.59
MinimumVisualStudioVersion = 10.0.40219.1
Project("{FAE04EC0-301F-11D3-BF4B-00C04F79EFBC}") = "WebApp", "WebApp\WebApp.csproj", "{D17A57A3-D699-42BC-98F7-A28438ACFA69}"
EndProject
Project("{FAE04EC0-301F-11D3-BF4B-00C04F79EFBC}") = "DAL", "DAL\DAL.csproj", "{EEFDE60C-87E8-4AB2-8F16-32B5FE61FD38}"
EndProject
Global
	GlobalSection(SolutionConfigurationPlatforms) = preSolution
		Debug|Any CPU = Debug|Any CPU
		Release|Any CPU = Release|Any CPU
	EndGlobalSection
	GlobalSection(ProjectConfigurationPlatforms) = postSolution
		{D17A57A3-D699-42BC-98F7-A28438ACFA69}.Debug|Any CPU.ActiveCfg = Debug|Any CPU
		{D17A57A3-D699-42BC-98F7-A28438ACFA69}.Debug|Any CPU.Build.0 = Debug|Any CPU
		{D17A57A3-D699-42BC-98F7-A28438ACFA69}.Release|Any CPU.ActiveCfg = Release|Any CPU
		{D17A57A3-D699-42BC-98F7-A28438ACFA69}.Release|Any CPU.Build.0 = Release|Any CPU
		{EEFDE60C-87E8-4AB2-8F16-32B5FE61FD38}.Debug|Any CPU.ActiveCfg = Debug|Any CPU
		{EEFDE60C-87E8-4AB2-8F16-32B5FE61FD38}.Debug|Any CPU.Build.0 = Debug|Any CPU
		{EEFDE60C-87E8-4AB2-8F16-32B5FE61FD38}.Release|Any CPU.ActiveCfg = Release|Any CPU
		{EEFDE60C-87E8-4AB2-8F16-32B5FE61FD38}.Release|Any CPU.Build.0 = Release|Any CPU
	EndGlobalSection
	GlobalSection(SolutionProperties) = preSolution
		HideSolutionNode = FALSE
	EndGlobalSection
	GlobalSection(ExtensibilityGlobals) = postSolution
		SolutionGuid = {1B69FB54-8AA9-4CE1-9E2A-BED2DBDAA571}
	EndGlobalSection
EndGlobal
